
Microsoft Visual Studio Solution File, Format Version 12.00
# Visual Studio Version 16
VisualStudioVersion = 16.0.31205.134
MinimumVisualStudioVersion = 10.0.40219.1
Project("{FAE04EC0-301F-11D3-BF4B-00C04F79EFBC}") = "MojSwiat2", "MojSwiat2\MojSwiat2.csproj", "{337D3F93-14FF-4B56-8E9F-7EE7EBA32450}"
EndProject
Global
	GlobalSection(SolutionConfigurationPlatforms) = preSolution
		Debug|Any CPU = Debug|Any CPU
		Release|Any CPU = Release|Any CPU
	EndGlobalSection
	GlobalSection(ProjectConfigurationPlatforms) = postSolution
		{337D3F93-14FF-4B56-8E9F-7EE7EBA32450}.Debug|Any CPU.ActiveCfg = Debug|Any CPU
		{337D3F93-14FF-4B56-8E9F-7EE7EBA32450}.Debug|Any CPU.Build.0 = Debug|Any CPU
		{337D3F93-14FF-4B56-8E9F-7EE7EBA32450}.Release|Any CPU.ActiveCfg = Release|Any CPU
		{337D3F93-14FF-4B56-8E9F-7EE7EBA32450}.Release|Any CPU.Build.0 = Release|Any CPU
	EndGlobalSection
	GlobalSection(SolutionProperties) = preSolution
		HideSolutionNode = FALSE
	EndGlobalSection
	GlobalSection(ExtensibilityGlobals) = postSolution
		SolutionGuid = {A3B09DA3-E261-4912-B507-63DB941C4121}
	EndGlobalSection
EndGlobal
